# @generated by Move, please check-in and do not edit manually.

[move]
version = 2
manifest_digest = "B2B535B41094B35864A71B11FF4F4E4AE47F610375541EF8FCF85343D3FD7291"
deps_digest = "F8BBB0CCB2491CA29A3DF03D6F92277A4F3574266507ACD77214D37ECA3F3082"
dependencies = [
  { name = "Sui" },
]

[[move.package]]
name = "MoveStdlib"
source = { git = "https://github.com/MystenLabs/sui.git", rev = "framework/testnet", subdir = "crates/sui-framework/packages/move-stdlib" }

[[move.package]]
name = "Sui"
source = { git = "https://github.com/MystenLabs/sui.git", rev = "framework/testnet", subdir = "crates/sui-framework/packages/sui-framework" }

dependencies = [
  { name = "MoveStdlib" },
]

[move.toolchain-version]
compiler-version = "1.24.1"
edition = "2024.beta"
flavor = "sui"

[env]

[env.testnet]
chain-id = "4c78adac"
original-published-id = "0x705e0a0c7554eb2302fff665e54c054f19a0baa221364613ea5177d5aaba3bf1"
latest-published-id = "0x705e0a0c7554eb2302fff665e54c054f19a0baa221364613ea5177d5aaba3bf1"
published-version = "1"
